
Microsoft Visual Studio Solution File, Format Version 12.00
# Visual Studio Version 17
VisualStudioVersion = 17.0.32112.339
MinimumVisualStudioVersion = 10.0.40219.1
Project("{FAE04EC0-301F-11D3-BF4B-00C04F79EFBC}") = "OOPLabb4CollectionGenerics", "OOPLabb4CollectionGenerics.csproj", "{36A5BA74-E97B-4C39-95C6-CBBE97704B48}"
EndProject
Global
	GlobalSection(SolutionConfigurationPlatforms) = preSolution
		Debug|Any CPU = Debug|Any CPU
		Release|Any CPU = Release|Any CPU
	EndGlobalSection
	GlobalSection(ProjectConfigurationPlatforms) = postSolution
		{36A5BA74-E97B-4C39-95C6-CBBE97704B48}.Debug|Any CPU.ActiveCfg = Debug|Any CPU
		{36A5BA74-E97B-4C39-95C6-CBBE97704B48}.Debug|Any CPU.Build.0 = Debug|Any CPU
		{36A5BA74-E97B-4C39-95C6-CBBE97704B48}.Release|Any CPU.ActiveCfg = Release|Any CPU
		{36A5BA74-E97B-4C39-95C6-CBBE97704B48}.Release|Any CPU.Build.0 = Release|Any CPU
	EndGlobalSection
	GlobalSection(SolutionProperties) = preSolution
		HideSolutionNode = FALSE
	EndGlobalSection
	GlobalSection(ExtensibilityGlobals) = postSolution
		SolutionGuid = {4FD3FFBB-E949-42EB-8D50-430878335B62}
	EndGlobalSection
EndGlobal
